
Microsoft Visual Studio Solution File, Format Version 12.00
# Visual Studio Version 17
VisualStudioVersion = 17.10.35013.160
MinimumVisualStudioVersion = 10.0.40219.1
Project("{FAE04EC0-301F-11D3-BF4B-00C04F79EFBC}") = "Raketa", "Raketa\Raketa.csproj", "{3380BBC5-AEA9-4BA1-8F13-C47A437B16E7}"
EndProject
Global
	GlobalSection(SolutionConfigurationPlatforms) = preSolution
		Debug|Any CPU = Debug|Any CPU
		Release|Any CPU = Release|Any CPU
	EndGlobalSection
	GlobalSection(ProjectConfigurationPlatforms) = postSolution
		{3380BBC5-AEA9-4BA1-8F13-C47A437B16E7}.Debug|Any CPU.ActiveCfg = Debug|Any CPU
		{3380BBC5-AEA9-4BA1-8F13-C47A437B16E7}.Debug|Any CPU.Build.0 = Debug|Any CPU
		{3380BBC5-AEA9-4BA1-8F13-C47A437B16E7}.Release|Any CPU.ActiveCfg = Release|Any CPU
		{3380BBC5-AEA9-4BA1-8F13-C47A437B16E7}.Release|Any CPU.Build.0 = Release|Any CPU
	EndGlobalSection
	GlobalSection(SolutionProperties) = preSolution
		HideSolutionNode = FALSE
	EndGlobalSection
	GlobalSection(ExtensibilityGlobals) = postSolution
		SolutionGuid = {DA080188-CD29-4878-BE0D-15BB4A791E75}
	EndGlobalSection
EndGlobal
